{
  "name": "rpm-editor",
  "version": "0.1.0",
  "lockfileVersion": 1,
  "requires": true,
  "dependencies": {
    "@types/events": {
      "version": "3.0.0",
      "resolved": "https://registry.npmjs.org/@types/events/-/events-3.0.0.tgz",
      "integrity": "sha512-EaObqwIvayI5a8dCzhFrjKzVwKLxjoG9T6Ppd5CEo07LRKfQ8Yokw54r5+Wq7FaBQ+yXRvQAYPrHwya1/UFt9g==",
      "dev": true
    },
    "@types/glob": {
      "version": "7.1.1",
      "resolved": "https://registry.npmjs.org/@types/glob/-/glob-7.1.1.tgz",
      "integrity": "sha512-1Bh06cbWJUHMC97acuD6UMG29nMt0Aqz1vF3guLfG+kHHJhy3AyohZFFxYk2f7Q1SQIrNwvncxAE0N/9s70F2w==",
      "dev": true,
      "requires": {
        "@types/events": "*",
        "@types/minimatch": "*",
        "@types/node": "*"
      }
    },
    "@types/minimatch": {
      "version": "3.0.3",
      "resolved": "https://registry.npmjs.org/@types/minimatch/-/minimatch-3.0.3.tgz",
      "integrity": "sha512-tHq6qdbT9U1IRSGf14CL0pUlULksvY9OZ+5eEgl1N7t+OA3tGvNpxJCzuKQlsNgCVwbAs670L1vcVQi8j9HjnA==",
      "dev": true
    },
    "@types/node": {
      "version": "10.14.6",
      "resolved": "https://registry.npmjs.org/@types/node/-/node-10.14.6.tgz",
      "integrity": "sha512-Fvm24+u85lGmV4hT5G++aht2C5I4Z4dYlWZIh62FAfFO/TfzXtPpoLI6I7AuBWkIFqZCnhFOoTT7RjjaIL5Fjg==",
      "dev": true
    },
    "@types/orderedmap": {
      "version": "1.0.0",
      "resolved": "https://registry.npmjs.org/@types/orderedmap/-/orderedmap-1.0.0.tgz",
      "integrity": "sha512-dxKo80TqYx3YtBipHwA/SdFmMMyLCnP+5mkEqN0eMjcTBzHkiiX0ES118DsjDBjvD+zeSsSU9jULTZ+frog+Gw==",
      "dev": true
    },
    "@types/prop-types": {
      "version": "15.7.1",
      "resolved": "https://registry.npmjs.org/@types/prop-types/-/prop-types-15.7.1.tgz",
      "integrity": "sha512-CFzn9idOEpHrgdw8JsoTkaDDyRWk1jrzIV8djzcgpq0y9tG4B4lFT+Nxh52DVpDXV+n4+NPNv7M1Dj5uMp6XFg==",
      "dev": true
    },
    "@types/prosemirror-commands": {
      "version": "1.0.1",
      "resolved": "https://registry.npmjs.org/@types/prosemirror-commands/-/prosemirror-commands-1.0.1.tgz",
      "integrity": "sha512-GeE12m8VT9N1JrzoY//946IX8ZyQOLNmvryJ+BNQs/HvhmXW9EWOcWUE6OBRtxK7Y8SrzSOwx4XmqSgVmK3tGQ==",
      "dev": true,
      "requires": {
        "@types/prosemirror-model": "*",
        "@types/prosemirror-state": "*",
        "@types/prosemirror-view": "*"
      }
    },
    "@types/prosemirror-dropcursor": {
      "version": "1.0.0",
      "resolved": "https://registry.npmjs.org/@types/prosemirror-dropcursor/-/prosemirror-dropcursor-1.0.0.tgz",
      "integrity": "sha512-S2ndHt94M64avSqjBcgIblaF3YeC3RfcmpY9/WIdfqU7aoJxuOh4RJk5emdmQPHZT1wbczMHFmFSsRqgErK0EQ==",
      "dev": true,
      "requires": {
        "@types/prosemirror-state": "*"
      }
    },
    "@types/prosemirror-gapcursor": {
      "version": "1.0.1",
      "resolved": "https://registry.npmjs.org/@types/prosemirror-gapcursor/-/prosemirror-gapcursor-1.0.1.tgz",
      "integrity": "sha512-ruA7FK9NJv+bn5s55SZYFf9SwaN3wk/MkBvqRmhIqIHvowTTa7nzIGWbUdWZMga1DDTk+GrwdcQaEHunAFjFsQ==",
      "dev": true,
      "requires": {
        "@types/prosemirror-state": "*"
      }
    },
    "@types/prosemirror-history": {
      "version": "1.0.1",
      "resolved": "https://registry.npmjs.org/@types/prosemirror-history/-/prosemirror-history-1.0.1.tgz",
      "integrity": "sha512-BYyPJlWDo3VEnWS5X2DCHXrrAKEjdbCe1DUjGL6R/8hmwMFe3iMJGYdBkOXU1FfkTpw7Z+PlwY/pMyeelVydmg==",
      "dev": true,
      "requires": {
        "@types/prosemirror-model": "*",
        "@types/prosemirror-state": "*"
      }
    },
    "@types/prosemirror-inputrules": {
      "version": "1.0.2",
      "resolved": "https://registry.npmjs.org/@types/prosemirror-inputrules/-/prosemirror-inputrules-1.0.2.tgz",
      "integrity": "sha512-bKFneQUPnkZmzCJ1uoitpKH6PFW0hc4q55NsC7mFUCvX0eZl0GRKxyfV47jkJbsbyUQoO/QFv0WwLDz2bo15sA==",
      "dev": true,
      "requires": {
        "@types/prosemirror-model": "*",
        "@types/prosemirror-state": "*"
      }
    },
    "@types/prosemirror-keymap": {
      "version": "1.0.1",
      "resolved": "https://registry.npmjs.org/@types/prosemirror-keymap/-/prosemirror-keymap-1.0.1.tgz",
      "integrity": "sha512-8IjM8ySmoZps9Tn+aKfB4ZR6zoNOjeQfAc9YLQujYXHJB6tdGWV0cbTuoT4QmZOR1iecN1EJ6E9RiRUBk796kQ==",
      "dev": true,
      "requires": {
        "@types/prosemirror-state": "*",
        "@types/prosemirror-view": "*"
      }
    },
    "@types/prosemirror-model": {
      "version": "1.7.0",
      "resolved": "https://registry.npmjs.org/@types/prosemirror-model/-/prosemirror-model-1.7.0.tgz",
      "integrity": "sha512-kLD9uDGIER7Mg18OzPAYwlRgBGTKJ2og1v4Ojsi+I8qOGrxVK/XGFypg0AS8zyGHCzLRb9h5ZMhC+1Ltly0TcQ==",
      "dev": true,
      "requires": {
        "@types/orderedmap": "*"
      }
    },
    "@types/prosemirror-schema-basic": {
      "version": "1.0.1",
      "resolved": "https://registry.npmjs.org/@types/prosemirror-schema-basic/-/prosemirror-schema-basic-1.0.1.tgz",
      "integrity": "sha512-IOQAYf1urifbH+Zwbq5XfFOUMNCbEnvIqpuSAE8SUt00nDAoH62T/S8Qhu8LuF++KQbyXb7fdMp352zkPW9Hmw==",
      "dev": true,
      "requires": {
        "@types/prosemirror-model": "*"
      }
    },
    "@types/prosemirror-schema-list": {
      "version": "1.0.1",
      "resolved": "https://registry.npmjs.org/@types/prosemirror-schema-list/-/prosemirror-schema-list-1.0.1.tgz",
      "integrity": "sha512-+iUYq+pj2wVHSThj0MjNDzkkGwq8aDQ6j0UJK8a0cNCL8v44Ftcx1noGPtBIEUJgitH960VnfBNoTWfQoQZfRA==",
      "dev": true,
      "requires": {
        "@types/orderedmap": "*",
        "@types/prosemirror-model": "*",
        "@types/prosemirror-state": "*"
      }
    },
    "@types/prosemirror-state": {
      "version": "1.2.3",
      "resolved": "https://registry.npmjs.org/@types/prosemirror-state/-/prosemirror-state-1.2.3.tgz",
      "integrity": "sha512-6m433Hubix9bx+JgcLW7zzyiZuzwjq5mBdSMYY4Yi5c5ZpV2RiVmg7Cy6f9Thtts8vuztilw+PczJAgDm1Frfw==",
      "dev": true,
      "requires": {
        "@types/prosemirror-model": "*",
        "@types/prosemirror-transform": "*",
        "@types/prosemirror-view": "*"
      }
    },
    "@types/prosemirror-tables": {
      "version": "0.1.3",
      "resolved": "https://registry.npmjs.org/@types/prosemirror-tables/-/prosemirror-tables-0.1.3.tgz",
      "integrity": "sha512-4sdYWop2Vl63tBGEPdwBTWYVqyzBfmz+BRpnYwdtLBG8SqIkXLTjWQPjCENIiXfaxQk+tANf6N7qOy+ObB7lKg==",
      "dev": true,
      "requires": {
        "@types/prosemirror-model": "*",
        "@types/prosemirror-state": "*",
        "@types/prosemirror-view": "*"
      }
    },
    "@types/prosemirror-transform": {
      "version": "1.1.0",
      "resolved": "https://registry.npmjs.org/@types/prosemirror-transform/-/prosemirror-transform-1.1.0.tgz",
      "integrity": "sha512-VsPiEj+88Xvw8f0vXHL65z2qHlnrvnybW9GC7w9I9PORcKheDi7hQBgP8JdDwUPG7ttyUYUaSAec0TV6DsdWKg==",
      "dev": true,
      "requires": {
        "@types/prosemirror-model": "*"
      }
    },
    "@types/prosemirror-view": {
      "version": "1.3.1",
      "resolved": "https://registry.npmjs.org/@types/prosemirror-view/-/prosemirror-view-1.3.1.tgz",
      "integrity": "sha512-JAF7JbnvXJSP3LSQF55nTgMsjWIvIk4tGNfc6RcG4IDluN0txnOC3mhMnDTyKayVLpTl2r4yFi4nWuFE7RpvaA==",
      "dev": true,
      "requires": {
        "@types/prosemirror-model": "*",
        "@types/prosemirror-state": "*",
        "@types/prosemirror-transform": "*"
      }
    },
    "@types/react": {
      "version": "16.8.17",
      "resolved": "https://registry.npmjs.org/@types/react/-/react-16.8.17.tgz",
      "integrity": "sha512-pln3mgc6VfkNg92WXODul/ONo140huK9OMsx62GlBlZ2lvjNK86PQJhYMPLO1i66aF5O9OPyZefogvNltBIszA==",
      "dev": true,
      "requires": {
        "@types/prop-types": "*",
        "csstype": "^2.2.0"
      }
    },
    "@types/shelljs": {
      "version": "0.8.5",
      "resolved": "https://registry.npmjs.org/@types/shelljs/-/shelljs-0.8.5.tgz",
      "integrity": "sha512-bZgjwIWu9gHCjirKJoOlLzGi5N0QgZ5t7EXEuoqyWCHTuSddURXo3FOBYDyRPNOWzZ6NbkLvZnVkn483Y/tvcQ==",
      "dev": true,
      "requires": {
        "@types/glob": "*",
        "@types/node": "*"
      }
    },
    "balanced-match": {
      "version": "1.0.0",
      "resolved": "https://registry.npmjs.org/balanced-match/-/balanced-match-1.0.0.tgz",
      "integrity": "sha1-ibTRmasr7kneFk6gK4nORi1xt2c=",
      "dev": true
    },
    "brace-expansion": {
      "version": "1.1.11",
      "resolved": "https://registry.npmjs.org/brace-expansion/-/brace-expansion-1.1.11.tgz",
      "integrity": "sha512-iCuPHDFgrHX7H2vEI/5xpz07zSHB00TpugqhmYtVmMO6518mCuRMoOYFldEBl0g187ufozdaHgWKcYFb61qGiA==",
      "dev": true,
      "requires": {
        "balanced-match": "^1.0.0",
        "concat-map": "0.0.1"
      }
    },
    "concat-map": {
      "version": "0.0.1",
      "resolved": "https://registry.npmjs.org/concat-map/-/concat-map-0.0.1.tgz",
      "integrity": "sha1-2Klr13/Wjfd5OnMDajug1UBdR3s=",
      "dev": true
    },
    "csstype": {
      "version": "2.6.4",
      "resolved": "https://registry.npmjs.org/csstype/-/csstype-2.6.4.tgz",
      "integrity": "sha512-lAJUJP3M6HxFXbqtGRc0iZrdyeN+WzOWeY0q/VnFzI+kqVrYIzC7bWlKqCW7oCIdzoPkvfp82EVvrTlQ8zsWQg==",
      "dev": true
    },
    "fs.realpath": {
      "version": "1.0.0",
      "resolved": "https://registry.npmjs.org/fs.realpath/-/fs.realpath-1.0.0.tgz",
      "integrity": "sha1-FQStJSMVjKpA20onh8sBQRmU6k8=",
      "dev": true
    },
    "glob": {
      "version": "7.1.4",
      "resolved": "https://registry.npmjs.org/glob/-/glob-7.1.4.tgz",
      "integrity": "sha512-hkLPepehmnKk41pUGm3sYxoFs/umurYfYJCerbXEyFIWcAzvpipAgVkBqqT9RBKMGjnq6kMuyYwha6csxbiM1A==",
      "dev": true,
      "requires": {
        "fs.realpath": "^1.0.0",
        "inflight": "^1.0.4",
        "inherits": "2",
        "minimatch": "^3.0.4",
        "once": "^1.3.0",
        "path-is-absolute": "^1.0.0"
      }
    },
    "inflight": {
      "version": "1.0.6",
      "resolved": "https://registry.npmjs.org/inflight/-/inflight-1.0.6.tgz",
      "integrity": "sha1-Sb1jMdfQLQwJvJEKEHW6gWW1bfk=",
      "dev": true,
      "requires": {
        "once": "^1.3.0",
        "wrappy": "1"
      }
    },
    "inherits": {
      "version": "2.0.3",
      "resolved": "https://registry.npmjs.org/inherits/-/inherits-2.0.3.tgz",
      "integrity": "sha1-Yzwsg+PaQqUC9SRmAiSA9CCCYd4=",
      "dev": true
    },
    "interpret": {
      "version": "1.2.0",
      "resolved": "https://registry.npmjs.org/interpret/-/interpret-1.2.0.tgz",
      "integrity": "sha512-mT34yGKMNceBQUoVn7iCDKDntA7SC6gycMAWzGx1z/CMCTV7b2AAtXlo3nRyHZ1FelRkQbQjprHSYGwzLtkVbw==",
      "dev": true
    },
    "js-tokens": {
      "version": "4.0.0",
      "resolved": "https://registry.npmjs.org/js-tokens/-/js-tokens-4.0.0.tgz",
      "integrity": "sha512-RdJUflcE3cUzKiMqQgsCu06FPu9UdIJO0beYbPhHN4k6apgJtifcoCtT9bcxOpYBtpD2kCM6Sbzg4CausW/PKQ==",
      "dev": true
    },
    "loose-envify": {
      "version": "1.4.0",
      "resolved": "https://registry.npmjs.org/loose-envify/-/loose-envify-1.4.0.tgz",
      "integrity": "sha512-lyuxPGr/Wfhrlem2CL/UcnUc1zcqKAImBDzukY7Y5F/yQiNdko6+fRLevlw1HgMySw7f611UIY408EtxRSoK3Q==",
      "dev": true,
      "requires": {
        "js-tokens": "^3.0.0 || ^4.0.0"
      }
    },
    "minimatch": {
      "version": "3.0.4",
      "resolved": "https://registry.npmjs.org/minimatch/-/minimatch-3.0.4.tgz",
      "integrity": "sha512-yJHVQEhyqPLUTgt9B83PXu6W3rx4MvvHvSUvToogpwoGDOUQ+yDrR0HRot+yOCdCO7u4hX3pWft6kWBBcqh0UA==",
      "dev": true,
      "requires": {
        "brace-expansion": "^1.1.7"
      }
    },
    "object-assign": {
      "version": "4.1.1",
      "resolved": "https://registry.npmjs.org/object-assign/-/object-assign-4.1.1.tgz",
      "integrity": "sha1-IQmtx5ZYh8/AXLvUQsrIv7s2CGM=",
      "dev": true
    },
    "once": {
      "version": "1.4.0",
      "resolved": "https://registry.npmjs.org/once/-/once-1.4.0.tgz",
      "integrity": "sha1-WDsap3WWHUsROsF9nFC6753Xa9E=",
      "dev": true,
      "requires": {
        "wrappy": "1"
      }
    },
    "orderedmap": {
      "version": "1.0.0",
      "resolved": "https://registry.npmjs.org/orderedmap/-/orderedmap-1.0.0.tgz",
      "integrity": "sha1-2Q/Cuh7QhRkJB9YB3sbmpT+NQbo=",
      "dev": true
    },
    "path-is-absolute": {
      "version": "1.0.1",
      "resolved": "https://registry.npmjs.org/path-is-absolute/-/path-is-absolute-1.0.1.tgz",
      "integrity": "sha1-F0uSaHNVNP+8es5r9TpanhtcX18=",
      "dev": true
    },
    "path-parse": {
      "version": "1.0.6",
      "resolved": "https://registry.npmjs.org/path-parse/-/path-parse-1.0.6.tgz",
      "integrity": "sha512-GSmOT2EbHrINBf9SR7CDELwlJ8AENk3Qn7OikK4nFYAu3Ote2+JYNVvkpAEQm3/TLNEJFD/xZJjzyxg3KBWOzw==",
      "dev": true
    },
    "prop-types": {
      "version": "15.7.2",
      "resolved": "https://registry.npmjs.org/prop-types/-/prop-types-15.7.2.tgz",
      "integrity": "sha512-8QQikdH7//R2vurIJSutZ1smHYTcLpRWEOlHnzcWHmBYrOGUysKwSsrC89BCiFj3CbrfJ/nXFdJepOVrY1GCHQ==",
      "dev": true,
      "requires": {
        "loose-envify": "^1.4.0",
        "object-assign": "^4.1.1",
        "react-is": "^16.8.1"
      }
    },
    "prosemirror-commands": {
      "version": "1.0.7",
      "resolved": "https://registry.npmjs.org/prosemirror-commands/-/prosemirror-commands-1.0.7.tgz",
      "integrity": "sha512-IR8yMSdw7XlKuF68tydAak1J9P/lLD5ohsrL7pzoLsJAJAQU7mVPDXtGbQrrm0mesddFjcc1zNo/cJQN3lRYnA==",
      "dev": true,
      "requires": {
        "prosemirror-model": "^1.0.0",
        "prosemirror-state": "^1.0.0",
        "prosemirror-transform": "^1.0.0"
      }
    },
    "prosemirror-dropcursor": {
      "version": "1.1.1",
      "resolved": "https://registry.npmjs.org/prosemirror-dropcursor/-/prosemirror-dropcursor-1.1.1.tgz",
      "integrity": "sha512-GeUyMO/tOEf8MXrP7Xb7UIMrfK86OGh0fnyBrHfhav4VjY9cw65mNoqHy87CklE5711AhCP5Qzfp8RL/hVKusg==",
      "dev": true,
      "requires": {
        "prosemirror-state": "^1.0.0",
        "prosemirror-transform": "^1.1.0",
        "prosemirror-view": "^1.1.0"
      }
    },
    "prosemirror-gapcursor": {
      "version": "1.0.3",
      "resolved": "https://registry.npmjs.org/prosemirror-gapcursor/-/prosemirror-gapcursor-1.0.3.tgz",
      "integrity": "sha512-X+hJhr42PcHWiSWL+lI5f/UeOhXCxlBFb8M6O8aG1hssmaRrW7sS2/Fjg5jFV+pTdS1REFkmm1occh01FMdDIQ==",
      "dev": true,
      "requires": {
        "prosemirror-keymap": "^1.0.0",
        "prosemirror-model": "^1.0.0",
        "prosemirror-state": "^1.0.0",
        "prosemirror-view": "^1.0.0"
      }
    },
    "prosemirror-history": {
      "version": "1.0.4",
      "resolved": "https://registry.npmjs.org/prosemirror-history/-/prosemirror-history-1.0.4.tgz",
      "integrity": "sha512-Kk2UisC9EzYcsNv+ILiQJWpsu0rbT6+oAAkvseFUHnudtfkmYAJu1+Xp3F0xTTCVmQdSqSLVk8qydllXUUOU4Q==",
      "dev": true,
      "requires": {
        "prosemirror-state": "^1.2.2",
        "prosemirror-transform": "^1.0.0",
        "rope-sequence": "^1.2.0"
      }
    },
    "prosemirror-inputrules": {
      "version": "1.0.2",
      "resolved": "https://registry.npmjs.org/prosemirror-inputrules/-/prosemirror-inputrules-1.0.2.tgz",
      "integrity": "sha512-TQc+uPF7Zw9efcQCN8eRRtX0tvUk1ArQshKwSs3nmBQA0IU3qs8jsfrduocwAlf3FPHaJifre8D2fJH4yDOx3A==",
      "dev": true,
      "requires": {
        "prosemirror-state": "^1.0.0",
        "prosemirror-transform": "^1.0.0"
      }
    },
    "prosemirror-keymap": {
      "version": "1.0.1",
      "resolved": "https://registry.npmjs.org/prosemirror-keymap/-/prosemirror-keymap-1.0.1.tgz",
      "integrity": "sha512-e79ApE7PXXZMFtPz7WbjycjAFd1NPjgY1MkecVz98tqwlBSggXWXYQnWFk6x7UkmnBYRHHbXHkR/RXmu2wyBJg==",
      "dev": true,
      "requires": {
        "prosemirror-state": "^1.0.0",
        "w3c-keyname": "^1.1.8"
      }
    },
    "prosemirror-model": {
      "version": "1.7.0",
      "resolved": "https://registry.npmjs.org/prosemirror-model/-/prosemirror-model-1.7.0.tgz",
      "integrity": "sha512-/6ul6guiqyAl5I+0qbnL7SlmuX0DEfYqjvzeLUVEnb7nwF/vmKZuWqbjEG2tqi/9SSudvd3UxQTBDHvxy9hQwA==",
      "dev": true,
      "requires": {
        "orderedmap": "^1.0.0"
      }
    },
    "prosemirror-schema-basic": {
      "version": "1.0.1",
      "resolved": "https://registry.npmjs.org/prosemirror-schema-basic/-/prosemirror-schema-basic-1.0.1.tgz",
      "integrity": "sha512-LFO/+zr7RSRJ95k6QGHdAwxsTsB3xxSCphU2Xkg6hNroblUV0rYelKe6s5uM5rdyPUdTTRTPjnZWQE28YsGVcA==",
      "dev": true,
      "requires": {
        "prosemirror-model": "^1.2.0"
      }
    },
    "prosemirror-schema-list": {
      "version": "1.0.3",
      "resolved": "https://registry.npmjs.org/prosemirror-schema-list/-/prosemirror-schema-list-1.0.3.tgz",
      "integrity": "sha512-+zzSawVds8LsZpl/bLTCYk2lYactF93W219Czh81zBILikCRDOHjp1CQ1os4ZXBp6LlD+JnBqF1h59Q+hilOoQ==",
      "dev": true,
      "requires": {
        "prosemirror-model": "^1.0.0",
        "prosemirror-transform": "^1.0.0"
      }
    },
    "prosemirror-state": {
      "version": "1.2.3",
      "resolved": "https://registry.npmjs.org/prosemirror-state/-/prosemirror-state-1.2.3.tgz",
      "integrity": "sha512-TNFw98jHLcU7JXViozcDHxzIWQj7WfGqTAB05RCrkkUuIleKekW9PbhQGXRZdlSPFkViPlLy/emh+5HtjH1Yzg==",
      "dev": true,
      "requires": {
        "prosemirror-model": "^1.0.0",
        "prosemirror-transform": "^1.0.0"
      }
    },
    "prosemirror-tables": {
      "version": "0.7.11",
      "resolved": "https://registry.npmjs.org/prosemirror-tables/-/prosemirror-tables-0.7.11.tgz",
      "integrity": "sha512-IOvz4sE4RgEeI8aKbis6ADqXEZlqnU1aZ/hdZLj6F74HeCGv5cC/hnOkhlip+4IaQvqn1u3oyBWKMzjGlUJuww==",
      "dev": true,
      "requires": {
        "prosemirror-keymap": "^1.0.0",
        "prosemirror-model": "^1.0.0",
        "prosemirror-state": "^1.0.0",
        "prosemirror-transform": "^1.0.0",
        "prosemirror-view": "^1.0.0"
      }
    },
    "prosemirror-transform": {
      "version": "1.1.3",
      "resolved": "https://registry.npmjs.org/prosemirror-transform/-/prosemirror-transform-1.1.3.tgz",
      "integrity": "sha512-1O6Di5lOL1mp4nuCnQNkHY7l2roIW5y8RH4ZG3hMYmkmDEWzTaFFnxxAAHsE5ipGLBSRcTlP7SsDhYBIdSuLpQ==",
      "dev": true,
      "requires": {
        "prosemirror-model": "^1.0.0"
      }
    },
    "prosemirror-utils": {
      "version": "0.7.7",
      "resolved": "https://registry.npmjs.org/prosemirror-utils/-/prosemirror-utils-0.7.7.tgz",
      "integrity": "sha512-0cSWive9oCOr4nnTlEQ9scr8g8kj126glAigb6cKLB4sq/eSyumVu8Ogqus6KEoLInBy6WONXJbgm/2xJ8MShw==",
      "dev": true
    },
    "prosemirror-view": {
      "version": "1.9.3",
      "resolved": "https://registry.npmjs.org/prosemirror-view/-/prosemirror-view-1.9.3.tgz",
      "integrity": "sha512-+KQca629qyip5IMvFspcpF4wZE/EOEOTVLvVRRINpFkiA7CMpfvGU7SSHuG4pjysu5/Cp7Mv61clMBKy6sCZcQ==",
      "dev": true,
      "requires": {
        "prosemirror-model": "^1.1.0",
        "prosemirror-state": "^1.0.0",
        "prosemirror-transform": "^1.1.0"
      }
    },
    "react": {
      "version": "16.8.6",
      "resolved": "https://registry.npmjs.org/react/-/react-16.8.6.tgz",
      "integrity": "sha512-pC0uMkhLaHm11ZSJULfOBqV4tIZkx87ZLvbbQYunNixAAvjnC+snJCg0XQXn9VIsttVsbZP/H/ewzgsd5fxKXw==",
      "dev": true,
      "requires": {
        "loose-envify": "^1.1.0",
        "object-assign": "^4.1.1",
        "prop-types": "^15.6.2",
        "scheduler": "^0.13.6"
      }
    },
    "react-is": {
      "version": "16.8.6",
      "resolved": "https://registry.npmjs.org/react-is/-/react-is-16.8.6.tgz",
      "integrity": "sha512-aUk3bHfZ2bRSVFFbbeVS4i+lNPZr3/WM5jT2J5omUVV1zzcs1nAaf3l51ctA5FFvCRbhrH0bdAsRRQddFJZPtA==",
      "dev": true
    },
    "rechoir": {
      "version": "0.6.2",
      "resolved": "https://registry.npmjs.org/rechoir/-/rechoir-0.6.2.tgz",
      "integrity": "sha1-hSBLVNuoLVdC4oyWdW70OvUOM4Q=",
      "dev": true,
      "requires": {
        "resolve": "^1.1.6"
      }
    },
    "resolve": {
      "version": "1.10.1",
      "resolved": "https://registry.npmjs.org/resolve/-/resolve-1.10.1.tgz",
      "integrity": "sha512-KuIe4mf++td/eFb6wkaPbMDnP6kObCaEtIDuHOUED6MNUo4K670KZUHuuvYPZDxNF0WVLw49n06M2m2dXphEzA==",
      "dev": true,
      "requires": {
        "path-parse": "^1.0.6"
      }
    },
    "rope-sequence": {
      "version": "1.2.2",
      "resolved": "https://registry.npmjs.org/rope-sequence/-/rope-sequence-1.2.2.tgz",
      "integrity": "sha1-ScTlwvVKSOmQsFCSZ3HihxvLMc4=",
      "dev": true
    },
    "scheduler": {
      "version": "0.13.6",
      "resolved": "https://registry.npmjs.org/scheduler/-/scheduler-0.13.6.tgz",
      "integrity": "sha512-IWnObHt413ucAYKsD9J1QShUKkbKLQQHdxRyw73sw4FN26iWr3DY/H34xGPe4nmL1DwXyWmSWmMrA9TfQbE/XQ==",
      "dev": true,
      "requires": {
        "loose-envify": "^1.1.0",
        "object-assign": "^4.1.1"
      }
    },
    "shelljs": {
      "version": "0.8.3",
      "resolved": "https://registry.npmjs.org/shelljs/-/shelljs-0.8.3.tgz",
      "integrity": "sha512-fc0BKlAWiLpwZljmOvAOTE/gXawtCoNrP5oaY7KIaQbbyHeQVg01pSEuEGvGh3HEdBU4baCD7wQBwADmM/7f7A==",
      "dev": true,
      "requires": {
        "glob": "^7.0.0",
        "interpret": "^1.0.0",
        "rechoir": "^0.6.2"
      }
    },
    "tslib": {
      "version": "1.9.3",
      "resolved": "https://registry.npmjs.org/tslib/-/tslib-1.9.3.tgz",
      "integrity": "sha512-4krF8scpejhaOgqzBEcGM7yDIEfi0/8+8zDRZhNZZ2kjmHJ4hv3zCbQWxoJGz1iw5U0Jl0nma13xzHXcncMavQ==",
      "dev": true
    },
    "typescript": {
      "version": "3.4.5",
      "resolved": "https://registry.npmjs.org/typescript/-/typescript-3.4.5.tgz",
      "integrity": "sha512-YycBxUb49UUhdNMU5aJ7z5Ej2XGmaIBL0x34vZ82fn3hGvD+bgrMrVDpatgz2f7YxUMJxMkbWxJZeAvDxVe7Vw==",
      "dev": true
    },
    "w3c-keyname": {
      "version": "1.1.8",
      "resolved": "https://registry.npmjs.org/w3c-keyname/-/w3c-keyname-1.1.8.tgz",
      "integrity": "sha512-2HAdug8GTiu3b4NYhssdtY8PXRue3ICnh1IlxvZYl+hiINRq0GfNWei3XOPDg8L0PsxbmYjWVLuLj6BMRR/9vA==",
      "dev": true
    },
    "wrappy": {
      "version": "1.0.2",
      "resolved": "https://registry.npmjs.org/wrappy/-/wrappy-1.0.2.tgz",
      "integrity": "sha1-tSQ9jz7BqjXxNkYFvA0QNuMKtp8=",
      "dev": true
    }
  }
}
